{
  "nodes": {
    "agent-shell-sidebar": {
      "flake": false,
      "locked": {
        "lastModified": 1762354342,
        "narHash": "sha256-Yp+iDtOdDTtcsLn/VxRx6Mh4VOYGAZUXL7XcLHFkACk=",
        "owner": "cmacrae",
        "repo": "agent-shell-sidebar",
        "rev": "10fee0b1463cdf210b0908c23e940a44c8d4a8e2",
        "type": "github"
      },
      "original": {
        "owner": "cmacrae",
        "repo": "agent-shell-sidebar",
        "type": "github"
      }
    },
    "ai-code-interface": {
      "flake": false,
      "locked": {
        "lastModified": 1764689745,
        "narHash": "sha256-1NFMD2gQxTZR0rU7IqkqOZbStFrmt5B41b1yJk24BWs=",
        "owner": "tninja",
        "repo": "ai-code-interface.el",
        "rev": "69fec16d65b8887d2440ce4292cf0861657df5b5",
        "type": "github"
      },
      "original": {
        "owner": "tninja",
        "repo": "ai-code-interface.el",
        "type": "github"
      }
    },
    "awesome-tray": {
      "flake": false,
      "locked": {
        "lastModified": 1747411191,
        "narHash": "sha256-zXewU1msqhYqQmZFtk8M3GOKFRFiIPemHZa468rQs30=",
        "owner": "manateelazycat",
        "repo": "awesome-tray",
        "rev": "3e0fda76a2bcf370a6126a2c80e3cd529225009a",
        "type": "github"
      },
      "original": {
        "owner": "manateelazycat",
        "repo": "awesome-tray",
        "type": "github"
      }
    },
    "blame-reveal": {
      "flake": false,
      "locked": {
        "lastModified": 1764573415,
        "narHash": "sha256-XxFYcu0xtHJINutWfHJxeDWvoYqnCgGYUTtlAWK0yLY=",
        "owner": "LuciusChen",
        "repo": "blame-reveal",
        "rev": "96cff3cefc7b4a8ae5ade376540f092c237fefe7",
        "type": "github"
      },
      "original": {
        "owner": "LuciusChen",
        "repo": "blame-reveal",
        "type": "github"
      }
    },
    "blueprint": {
      "inputs": {
        "nixpkgs": [
          "nix-ai-tools",
          "nixpkgs"
        ],
        "systems": "systems_3"
      },
      "locked": {
        "lastModified": 1763308703,
        "narHash": "sha256-O9Y+Wer8wOh+N+4kcCK5p/VLrXyX+ktk0/s3HdZvJzk=",
        "owner": "numtide",
        "repo": "blueprint",
        "rev": "5a9bba070f801d63e2af3c9ef00b86b212429f4f",
        "type": "github"
      },
      "original": {
        "owner": "numtide",
        "repo": "blueprint",
        "type": "github"
      }
    },
    "cl-nix-lite": {
      "locked": {
        "lastModified": 1728174978,
        "narHash": "sha256-Grqqg+xuicANB85j0gNEXxi9SBKY7bzGeTuyi95eGcY=",
        "owner": "hraban",
        "repo": "cl-nix-lite",
        "rev": "31cfe6275c341eb3120a99f4b1c8516c49a29d87",
        "type": "github"
      },
      "original": {
        "owner": "hraban",
        "repo": "cl-nix-lite",
        "type": "github"
      }
    },
    "claude-code-ide": {
      "flake": false,
      "locked": {
        "lastModified": 1757951389,
        "narHash": "sha256-OrcnUZXqRijJCgf1QE5kkPKKdWSJ4oMYt47Sn/EdQy0=",
        "owner": "manzaltu",
        "repo": "claude-code-ide.el",
        "rev": "32d853e20b9d245a6ee89c4a153a4e568250c62c",
        "type": "github"
      },
      "original": {
        "owner": "manzaltu",
        "repo": "claude-code-ide.el",
        "type": "github"
      }
    },
    "darwin": {
      "inputs": {
        "nixpkgs": [
          "nixpkgs"
        ]
      },
      "locked": {
        "lastModified": 1764161084,
        "narHash": "sha256-HN84sByg9FhJnojkGGDSrcjcbeioFWoNXfuyYfJ1kBE=",
        "owner": "LnL7",
        "repo": "nix-darwin",
        "rev": "e95de00a471d07435e0527ff4db092c84998698e",
        "type": "github"
      },
      "original": {
        "owner": "LnL7",
        "repo": "nix-darwin",
        "type": "github"
      }
    },
    "demacs": {
      "inputs": {
        "agent-shell-sidebar": "agent-shell-sidebar",
        "ai-code-interface": "ai-code-interface",
        "awesome-tray": "awesome-tray",
        "blame-reveal": "blame-reveal",
        "claude-code-ide": "claude-code-ide",
        "eglot-x": "eglot-x",
        "emacs-overlay": "emacs-overlay",
        "emacs-patches": "emacs-patches",
        "emacs-plus-patches": "emacs-plus-patches",
        "emt": "emt",
        "flake-utils": "flake-utils",
        "image-slicing": "image-slicing",
        "leetcode-emacs": "leetcode-emacs",
        "lsp-proxy": "lsp-proxy",
        "monet": "monet",
        "nixpkgs": "nixpkgs_2",
        "org-modern-indent": "org-modern-indent",
        "panel": "panel",
        "rose-pine": "rose-pine",
        "setup-el": "setup-el",
        "tdlib": "tdlib",
        "telega": "telega"
      },
      "locked": {
        "lastModified": 1764697856,
        "narHash": "sha256-d1OY7koL62xpQCxVDSDlJRmtfiB6SVE30eAP13eVVGk=",
        "owner": "dezzw",
        "repo": "demacs",
        "rev": "0ba4d0f3252b761bccb45fb549df3f33356d57d9",
        "type": "github"
      },
      "original": {
        "owner": "dezzw",
        "repo": "demacs",
        "type": "github"
      }
    },
    "devicon-lookup": {
      "flake": false,
      "locked": {
        "lastModified": 1708787643,
        "narHash": "sha256-eHxUSrN/wzitT95Sdt0DTNv4UuvwRn4gHmIzgK6ELZk=",
        "owner": "coreyja",
        "repo": "devicon-lookup",
        "rev": "404c9cbd477b3dee0e757aa93a66d5e59b85e596",
        "type": "github"
      },
      "original": {
        "owner": "coreyja",
        "repo": "devicon-lookup",
        "type": "github"
      }
    },
    "eglot-x": {
      "flake": false,
      "locked": {
        "lastModified": 1750956070,
        "narHash": "sha256-a2qkitikqGZBXI4aVdn8c7P4HFwep9RPWkOVBbgQV2g=",
        "owner": "nemethf",
        "repo": "eglot-x",
        "rev": "8e872efd3d0b7779bde5b1e1d75c8e646a1f729f",
        "type": "github"
      },
      "original": {
        "owner": "nemethf",
        "repo": "eglot-x",
        "type": "github"
      }
    },
    "emacs-overlay": {
      "inputs": {
        "nixpkgs": "nixpkgs",
        "nixpkgs-stable": "nixpkgs-stable"
      },
      "locked": {
        "lastModified": 1764692991,
        "narHash": "sha256-XByk+jSMXGlw5j8vNj4paUnyQhCr/AE+22zSKexaiiI=",
        "owner": "nix-community",
        "repo": "emacs-overlay",
        "rev": "50f4f90058f16522123c1b066f64a2291b8351ab",
        "type": "github"
      },
      "original": {
        "owner": "nix-community",
        "repo": "emacs-overlay",
        "type": "github"
      }
    },
    "emacs-patches": {
      "flake": false,
      "locked": {
        "lastModified": 1763991469,
        "narHash": "sha256-JaNTXsL/AxnykBtGP1zRiDMoWto1faW2OBAu5Q9dsPM=",
        "owner": "LuciusChen",
        "repo": ".emacs.d",
        "rev": "5c3b70ef2f5e02d952497144a8cf7d6293e24c5a",
        "type": "github"
      },
      "original": {
        "owner": "LuciusChen",
        "repo": ".emacs.d",
        "type": "github"
      }
    },
    "emacs-plus-patches": {
      "flake": false,
      "locked": {
        "lastModified": 1764008099,
        "narHash": "sha256-8Mg5Su0WJGJ9hKqpr0r53iKuh6DHRuvfQqD0V4IN2Ck=",
        "owner": "d12frosted",
        "repo": "homebrew-emacs-plus",
        "rev": "8c811e9931a213d78baa8e443244d31b7c8771c3",
        "type": "github"
      },
      "original": {
        "owner": "d12frosted",
        "repo": "homebrew-emacs-plus",
        "type": "github"
      }
    },
    "emt": {
      "flake": false,
      "locked": {
        "lastModified": 1735748514,
        "narHash": "sha256-ewHZxytYw2NPkhF4zdl/fRSiBSN2jZAkdM4Ykb1x90Q=",
        "owner": "roife",
        "repo": "emt",
        "rev": "b7f46fae280dba3269e9110f3cb61d2dd4fa67cc",
        "type": "github"
      },
      "original": {
        "owner": "roife",
        "repo": "emt",
        "type": "github"
      }
    },
    "flake-compat": {
      "flake": false,
      "locked": {
        "lastModified": 1730663653,
        "narHash": "sha256-kFCUWettiFHDIqxCWWQ9qY8pVh+Lj+XL0Giyy/kdomg=",
        "owner": "hraban",
        "repo": "flake-compat",
        "rev": "e5b16676185cb7548581c852f51ce7f3a49bba5e",
        "type": "github"
      },
      "original": {
        "owner": "hraban",
        "ref": "fixed-output",
        "repo": "flake-compat",
        "type": "github"
      }
    },
    "flake-parts": {
      "inputs": {
        "nixpkgs-lib": [
          "nixvim",
          "nixpkgs"
        ]
      },
      "locked": {
        "lastModified": 1763759067,
        "narHash": "sha256-LlLt2Jo/gMNYAwOgdRQBrsRoOz7BPRkzvNaI/fzXi2Q=",
        "owner": "hercules-ci",
        "repo": "flake-parts",
        "rev": "2cccadc7357c0ba201788ae99c4dfa90728ef5e0",
        "type": "github"
      },
      "original": {
        "owner": "hercules-ci",
        "repo": "flake-parts",
        "type": "github"
      }
    },
    "flake-utils": {
      "inputs": {
        "systems": "systems"
      },
      "locked": {
        "lastModified": 1731533236,
        "narHash": "sha256-l0KFg5HjrsfsO/JpG+r7fRrqm12kzFHyUHqHCVpMMbI=",
        "owner": "numtide",
        "repo": "flake-utils",
        "rev": "11707dc2f618dd54ca8739b309ec4fc024de578b",
        "type": "github"
      },
      "original": {
        "owner": "numtide",
        "repo": "flake-utils",
        "type": "github"
      }
    },
    "flake-utils_2": {
      "inputs": {
        "systems": [
          "mac-app-util",
          "systems"
        ]
      },
      "locked": {
        "lastModified": 1731533236,
        "narHash": "sha256-l0KFg5HjrsfsO/JpG+r7fRrqm12kzFHyUHqHCVpMMbI=",
        "owner": "numtide",
        "repo": "flake-utils",
        "rev": "11707dc2f618dd54ca8739b309ec4fc024de578b",
        "type": "github"
      },
      "original": {
        "id": "flake-utils",
        "type": "indirect"
      }
    },
    "flake-utils_3": {
      "inputs": {
        "systems": "systems_4"
      },
      "locked": {
        "lastModified": 1731533236,
        "narHash": "sha256-l0KFg5HjrsfsO/JpG+r7fRrqm12kzFHyUHqHCVpMMbI=",
        "owner": "numtide",
        "repo": "flake-utils",
        "rev": "11707dc2f618dd54ca8739b309ec4fc024de578b",
        "type": "github"
      },
      "original": {
        "owner": "numtide",
        "repo": "flake-utils",
        "type": "github"
      }
    },
    "home-manager": {
      "inputs": {
        "nixpkgs": [
          "nixpkgs"
        ]
      },
      "locked": {
        "lastModified": 1764839789,
        "narHash": "sha256-QCgaXEj8036JlfyVM2e5fgKIxoF7IgGRcAi8LkehKvo=",
        "owner": "nix-community",
        "repo": "home-manager",
        "rev": "d441981b200305ebb8e2e2921395f51d207fded6",
        "type": "github"
      },
      "original": {
        "owner": "nix-community",
        "repo": "home-manager",
        "type": "github"
      }
    },
    "image-slicing": {
      "flake": false,
      "locked": {
        "lastModified": 1743389226,
        "narHash": "sha256-551gnae5vXejVBWnjnX7h2nLOFlGIxweYL4wq07XSHU=",
        "owner": "ginqi7",
        "repo": "image-slicing",
        "rev": "c3e421fab65f870039d63f2940085fcca4b0b277",
        "type": "github"
      },
      "original": {
        "owner": "ginqi7",
        "repo": "image-slicing",
        "type": "github"
      }
    },
    "ixx": {
      "inputs": {
        "flake-utils": [
          "nixvim",
          "nuschtosSearch",
          "flake-utils"
        ],
        "nixpkgs": [
          "nixvim",
          "nuschtosSearch",
          "nixpkgs"
        ]
      },
      "locked": {
        "lastModified": 1754860581,
        "narHash": "sha256-EM0IE63OHxXCOpDHXaTyHIOk2cNvMCGPqLt/IdtVxgk=",
        "owner": "NuschtOS",
        "repo": "ixx",
        "rev": "babfe85a876162c4acc9ab6fb4483df88fa1f281",
        "type": "github"
      },
      "original": {
        "owner": "NuschtOS",
        "ref": "v0.1.1",
        "repo": "ixx",
        "type": "github"
      }
    },
    "leetcode-emacs": {
      "flake": false,
      "locked": {
        "lastModified": 1757296184,
        "narHash": "sha256-VLVJJ7z/QG18htxbgTqj1ob1Ills7mseSv03zsRFlUc=",
        "owner": "ginqi7",
        "repo": "leetcode-emacs",
        "rev": "9b0b008a349c376aad1b43fa4514ef8dc1c29a1b",
        "type": "github"
      },
      "original": {
        "owner": "ginqi7",
        "repo": "leetcode-emacs",
        "type": "github"
      }
    },
    "lsp-proxy": {
      "flake": false,
      "locked": {
        "lastModified": 1764683607,
        "narHash": "sha256-2hNVUXSeHqQ+AiL0+gxImEfRvkcKgI3dnfF2U+cglGQ=",
        "owner": "jadestrong",
        "repo": "lsp-proxy",
        "rev": "2d67f46ac5ea26ab08dcc2c0bf3a4dd7ef629716",
        "type": "github"
      },
      "original": {
        "owner": "jadestrong",
        "repo": "lsp-proxy",
        "type": "github"
      }
    },
    "mac-app-util": {
      "inputs": {
        "cl-nix-lite": "cl-nix-lite",
        "flake-compat": "flake-compat",
        "flake-utils": "flake-utils_2",
        "nixpkgs": "nixpkgs_3",
        "systems": "systems_2",
        "treefmt-nix": "treefmt-nix"
      },
      "locked": {
        "lastModified": 1756057867,
        "narHash": "sha256-ziR5eQGqRWhW8tf8r0TIplaqNt+HXu1G1X41LUr4IYo=",
        "owner": "hraban",
        "repo": "mac-app-util",
        "rev": "8414fa1e2cb775b17793104a9095aabeeada63ef",
        "type": "github"
      },
      "original": {
        "owner": "hraban",
        "repo": "mac-app-util",
        "type": "github"
      }
    },
    "master": {
      "locked": {
        "lastModified": 1764856222,
        "narHash": "sha256-yEJmtoFu4cJre1NuU4fb8q57Oux+NTbocnALtJ64aEI=",
        "owner": "NixOS",
        "repo": "nixpkgs",
        "rev": "ece6e266caf1effab32eceef0403b797b4330373",
        "type": "github"
      },
      "original": {
        "owner": "NixOS",
        "ref": "master",
        "repo": "nixpkgs",
        "type": "github"
      }
    },
    "monet": {
      "flake": false,
      "locked": {
        "lastModified": 1758848153,
        "narHash": "sha256-3e5DIR+X6JLDaY7vRDutH3EAsyaqK3Jc73ugZTDRUrQ=",
        "owner": "stevemolitor",
        "repo": "monet",
        "rev": "72a18d372fef4b0971267bf13f127dcce681859a",
        "type": "github"
      },
      "original": {
        "owner": "stevemolitor",
        "repo": "monet",
        "type": "github"
      }
    },
    "nix-ai-tools": {
      "inputs": {
        "blueprint": "blueprint",
        "nixpkgs": "nixpkgs_5",
        "treefmt-nix": "treefmt-nix_2"
      },
      "locked": {
        "lastModified": 1764850433,
        "narHash": "sha256-bCt72pQk6HP+bFKGS3n5hsCX9GNuUhVMaqnE2kVwwdo=",
        "owner": "numtide",
        "repo": "nix-ai-tools",
        "rev": "a311ff2d9f19c2f66b1453c18f97222a26b28b71",
        "type": "github"
      },
      "original": {
        "owner": "numtide",
        "repo": "nix-ai-tools",
        "type": "github"
      }
    },
    "nixpkgs": {
      "locked": {
        "lastModified": 1764517877,
        "narHash": "sha256-pp3uT4hHijIC8JUK5MEqeAWmParJrgBVzHLNfJDZxg4=",
        "owner": "NixOS",
        "repo": "nixpkgs",
        "rev": "2d293cbfa5a793b4c50d17c05ef9e385b90edf6c",
        "type": "github"
      },
      "original": {
        "owner": "NixOS",
        "ref": "nixos-unstable",
        "repo": "nixpkgs",
        "type": "github"
      }
    },
    "nixpkgs-stable": {
      "locked": {
        "lastModified": 1764560356,
        "narHash": "sha256-M5aFEFPppI4UhdOxwdmceJ9bDJC4T6C6CzCK1E2FZyo=",
        "owner": "NixOS",
        "repo": "nixpkgs",
        "rev": "6c8f0cca84510cc79e09ea99a299c9bc17d03cb6",
        "type": "github"
      },
      "original": {
        "owner": "NixOS",
        "ref": "nixos-25.05",
        "repo": "nixpkgs",
        "type": "github"
      }
    },
    "nixpkgs_2": {
      "locked": {
        "lastModified": 1764642553,
        "narHash": "sha256-mvbFFzVBhVK1FjyPHZGMAKpNiqkr7k++xIwy+p/NQvA=",
        "owner": "nixos",
        "repo": "nixpkgs",
        "rev": "f720de59066162ee879adcc8c79e15c51fe6bfb4",
        "type": "github"
      },
      "original": {
        "owner": "nixos",
        "ref": "nixpkgs-unstable",
        "repo": "nixpkgs",
        "type": "github"
      }
    },
    "nixpkgs_3": {
      "locked": {
        "lastModified": 1732617236,
        "narHash": "sha256-PYkz6U0bSEaEB1al7O1XsqVNeSNS+s3NVclJw7YC43w=",
        "owner": "NixOS",
        "repo": "nixpkgs",
        "rev": "af51545ec9a44eadf3fe3547610a5cdd882bc34e",
        "type": "github"
      },
      "original": {
        "owner": "NixOS",
        "repo": "nixpkgs",
        "rev": "af51545ec9a44eadf3fe3547610a5cdd882bc34e",
        "type": "github"
      }
    },
    "nixpkgs_4": {
      "locked": {
        "lastModified": 1754340878,
        "narHash": "sha256-lgmUyVQL9tSnvvIvBp7x1euhkkCho7n3TMzgjdvgPoU=",
        "owner": "nixos",
        "repo": "nixpkgs",
        "rev": "cab778239e705082fe97bb4990e0d24c50924c04",
        "type": "github"
      },
      "original": {
        "owner": "nixos",
        "ref": "nixpkgs-unstable",
        "repo": "nixpkgs",
        "type": "github"
      }
    },
    "nixpkgs_5": {
      "locked": {
        "lastModified": 1764733908,
        "narHash": "sha256-QJiih52NU+nm7XQWCj+K8SwUdIEayDQ1FQgjkYISt4I=",
        "owner": "NixOS",
        "repo": "nixpkgs",
        "rev": "cadcc8de247676e4751c9d4a935acb2c0b059113",
        "type": "github"
      },
      "original": {
        "owner": "NixOS",
        "ref": "nixpkgs-unstable",
        "repo": "nixpkgs",
        "type": "github"
      }
    },
    "nixpkgs_6": {
      "locked": {
        "lastModified": 1764667669,
        "narHash": "sha256-7WUCZfmqLAssbDqwg9cUDAXrSoXN79eEEq17qhTNM/Y=",
        "owner": "NixOS",
        "repo": "nixpkgs",
        "rev": "418468ac9527e799809c900eda37cbff999199b6",
        "type": "github"
      },
      "original": {
        "owner": "NixOS",
        "ref": "nixos-unstable",
        "repo": "nixpkgs",
        "type": "github"
      }
    },
    "nixvim": {
      "inputs": {
        "flake-parts": "flake-parts",
        "nixpkgs": [
          "nixpkgs"
        ],
        "nuschtosSearch": "nuschtosSearch",
        "systems": "systems_5"
      },
      "locked": {
        "lastModified": 1764803799,
        "narHash": "sha256-94SMf4Uw5iSoX37ui6LAdcadCUHUDfrvggGay0uWkis=",
        "owner": "nix-community",
        "repo": "nixvim",
        "rev": "5d1c27e53c96e2c94e69f2e2d083ef147b3a3ccb",
        "type": "github"
      },
      "original": {
        "owner": "nix-community",
        "repo": "nixvim",
        "type": "github"
      }
    },
    "nuschtosSearch": {
      "inputs": {
        "flake-utils": "flake-utils_3",
        "ixx": "ixx",
        "nixpkgs": [
          "nixvim",
          "nixpkgs"
        ]
      },
      "locked": {
        "lastModified": 1761730856,
        "narHash": "sha256-t1i5p/vSWwueZSC0Z2BImxx3BjoUDNKyC2mk24krcMY=",
        "owner": "NuschtOS",
        "repo": "search",
        "rev": "e29de6db0cb3182e9aee75a3b1fd1919d995d85b",
        "type": "github"
      },
      "original": {
        "owner": "NuschtOS",
        "repo": "search",
        "type": "github"
      }
    },
    "org-modern-indent": {
      "flake": false,
      "locked": {
        "lastModified": 1744503427,
        "narHash": "sha256-st3338Jk9kZ5BLEPRJZhjqdncMpLoWNwp60ZwKEObyU=",
        "owner": "jdtsmith",
        "repo": "org-modern-indent",
        "rev": "9973bd3b91e4733a3edd1fca232208c837c05473",
        "type": "github"
      },
      "original": {
        "owner": "jdtsmith",
        "repo": "org-modern-indent",
        "type": "github"
      }
    },
    "panel": {
      "flake": false,
      "locked": {
        "lastModified": 1763081820,
        "narHash": "sha256-WMAXiumnxWzrFRXg2oUgDP/NPzJhtW2wQSAoWnsvzkg=",
        "owner": "LuciusChen",
        "repo": "panel",
        "rev": "f3977ce5755912ce737f1471379dd8fdb92cb773",
        "type": "github"
      },
      "original": {
        "owner": "LuciusChen",
        "repo": "panel",
        "type": "github"
      }
    },
    "root": {
      "inputs": {
        "darwin": "darwin",
        "demacs": "demacs",
        "devicon-lookup": "devicon-lookup",
        "home-manager": "home-manager",
        "mac-app-util": "mac-app-util",
        "master": "master",
        "nix-ai-tools": "nix-ai-tools",
        "nixpkgs": "nixpkgs_6",
        "nixvim": "nixvim",
        "unstable": "unstable"
      }
    },
    "rose-pine": {
      "flake": false,
      "locked": {
        "lastModified": 1763893878,
        "narHash": "sha256-33i93bBmQJEa9ucHMAM2GuTsThHNtWMfRJr8admci/s=",
        "owner": "LuciusChen",
        "repo": "rose-pine",
        "rev": "91cf056ec6960b066ceb2671da7a003141e57f31",
        "type": "github"
      },
      "original": {
        "owner": "LuciusChen",
        "repo": "rose-pine",
        "type": "github"
      }
    },
    "setup-el": {
      "flake": false,
      "locked": {
        "lastModified": 1761595148,
        "narHash": "sha256-lLeKsLFf1+Bjk6ETq+0Nncw6DPOVxE49cAexdLAr/5U=",
        "ref": "refs/heads/master",
        "rev": "de9b86c6f29cf9888e911924ffc4ce47312320c3",
        "revCount": 224,
        "type": "git",
        "url": "https://codeberg.org/pkal/setup.el.git"
      },
      "original": {
        "type": "git",
        "url": "https://codeberg.org/pkal/setup.el.git"
      }
    },
    "systems": {
      "locked": {
        "lastModified": 1681028828,
        "narHash": "sha256-Vy1rq5AaRuLzOxct8nz4T6wlgyUR7zLU309k9mBC768=",
        "owner": "nix-systems",
        "repo": "default",
        "rev": "da67096a3b9bf56a91d16901293e51ba5b49a27e",
        "type": "github"
      },
      "original": {
        "owner": "nix-systems",
        "repo": "default",
        "type": "github"
      }
    },
    "systems_2": {
      "locked": {
        "lastModified": 1689347925,
        "narHash": "sha256-ozenz5bFe1UUqOn7f60HRmgc01BgTGIKZ4Xl+HbocGQ=",
        "owner": "nix-systems",
        "repo": "default-darwin",
        "rev": "2235d7e6cc29ae99878133c95e9fe5e157661ffb",
        "type": "github"
      },
      "original": {
        "owner": "nix-systems",
        "repo": "default-darwin",
        "type": "github"
      }
    },
    "systems_3": {
      "locked": {
        "lastModified": 1681028828,
        "narHash": "sha256-Vy1rq5AaRuLzOxct8nz4T6wlgyUR7zLU309k9mBC768=",
        "owner": "nix-systems",
        "repo": "default",
        "rev": "da67096a3b9bf56a91d16901293e51ba5b49a27e",
        "type": "github"
      },
      "original": {
        "owner": "nix-systems",
        "repo": "default",
        "type": "github"
      }
    },
    "systems_4": {
      "locked": {
        "lastModified": 1681028828,
        "narHash": "sha256-Vy1rq5AaRuLzOxct8nz4T6wlgyUR7zLU309k9mBC768=",
        "owner": "nix-systems",
        "repo": "default",
        "rev": "da67096a3b9bf56a91d16901293e51ba5b49a27e",
        "type": "github"
      },
      "original": {
        "owner": "nix-systems",
        "repo": "default",
        "type": "github"
      }
    },
    "systems_5": {
      "locked": {
        "lastModified": 1681028828,
        "narHash": "sha256-Vy1rq5AaRuLzOxct8nz4T6wlgyUR7zLU309k9mBC768=",
        "owner": "nix-systems",
        "repo": "default",
        "rev": "da67096a3b9bf56a91d16901293e51ba5b49a27e",
        "type": "github"
      },
      "original": {
        "owner": "nix-systems",
        "repo": "default",
        "type": "github"
      }
    },
    "tdlib": {
      "flake": false,
      "locked": {
        "lastModified": 1764167204,
        "narHash": "sha256-rOhPKo1BZAd04CC66vcE29y83rDN94B5kjO62Utf5GY=",
        "owner": "tdlib",
        "repo": "td",
        "rev": "f0d04d357c4ab2d4a7288e52dbeec3c2d9dd0a2d",
        "type": "github"
      },
      "original": {
        "owner": "tdlib",
        "repo": "td",
        "type": "github"
      }
    },
    "telega": {
      "flake": false,
      "locked": {
        "lastModified": 1764317859,
        "narHash": "sha256-Bs0FDwPLSP3OW7JRpi4MnCnLuJXAzSq93cnKotKG1cA=",
        "owner": "LuciusChen",
        "repo": "telega.el",
        "rev": "042f89eafdf469160c0ec24017f9cb5de6775c07",
        "type": "github"
      },
      "original": {
        "owner": "LuciusChen",
        "repo": "telega.el",
        "type": "github"
      }
    },
    "treefmt-nix": {
      "inputs": {
        "nixpkgs": "nixpkgs_4"
      },
      "locked": {
        "lastModified": 1755934250,
        "narHash": "sha256-CsDojnMgYsfshQw3t4zjRUkmMmUdZGthl16bXVWgRYU=",
        "owner": "numtide",
        "repo": "treefmt-nix",
        "rev": "74e1a52d5bd9430312f8d1b8b0354c92c17453e5",
        "type": "github"
      },
      "original": {
        "owner": "numtide",
        "repo": "treefmt-nix",
        "type": "github"
      }
    },
    "treefmt-nix_2": {
      "inputs": {
        "nixpkgs": [
          "nix-ai-tools",
          "nixpkgs"
        ]
      },
      "locked": {
        "lastModified": 1762938485,
        "narHash": "sha256-AlEObg0syDl+Spi4LsZIBrjw+snSVU4T8MOeuZJUJjM=",
        "owner": "numtide",
        "repo": "treefmt-nix",
        "rev": "5b4ee75aeefd1e2d5a1cc43cf6ba65eba75e83e4",
        "type": "github"
      },
      "original": {
        "owner": "numtide",
        "repo": "treefmt-nix",
        "type": "github"
      }
    },
    "unstable": {
      "locked": {
        "lastModified": 1764667669,
        "narHash": "sha256-7WUCZfmqLAssbDqwg9cUDAXrSoXN79eEEq17qhTNM/Y=",
        "owner": "NixOS",
        "repo": "nixpkgs",
        "rev": "418468ac9527e799809c900eda37cbff999199b6",
        "type": "github"
      },
      "original": {
        "owner": "NixOS",
        "ref": "nixos-unstable",
        "repo": "nixpkgs",
        "type": "github"
      }
    }
  },
  "root": "root",
  "version": 7
}
